Microsoft Visual Studio Solution File, Format Version 12.00
# Visual Studio Version 17
VisualStudioVersion = 17.5.2.0
MinimumVisualStudioVersion = 10.0.40219.1
Project("{FAE04EC0-301F-11D3-BF4B-00C04F79EFBC}") = "StorageDemoPopulator", "StorageDemoPopulator.csproj", "{87D936D6-6162-D295-E6DB-0F45C8C16D03}"
EndProject
Global
	GlobalSection(SolutionConfigurationPlatforms) = preSolution
		Debug|Any CPU = Debug|Any CPU
		Release|Any CPU = Release|Any CPU
	EndGlobalSection
	GlobalSection(ProjectConfigurationPlatforms) = postSolution
		{87D936D6-6162-D295-E6DB-0F45C8C16D03}.Debug|Any CPU.ActiveCfg = Debug|Any CPU
		{87D936D6-6162-D295-E6DB-0F45C8C16D03}.Debug|Any CPU.Build.0 = Debug|Any CPU
		{87D936D6-6162-D295-E6DB-0F45C8C16D03}.Release|Any CPU.ActiveCfg = Release|Any CPU
		{87D936D6-6162-D295-E6DB-0F45C8C16D03}.Release|Any CPU.Build.0 = Release|Any CPU
	EndGlobalSection
	GlobalSection(SolutionProperties) = preSolution
		HideSolutionNode = FALSE
	EndGlobalSection
	GlobalSection(ExtensibilityGlobals) = postSolution
		SolutionGuid = {1999D636-4AC0-4109-85A9-F74722091346}
	EndGlobalSection
EndGlobal
